
Microsoft Visual Studio Solution File, Format Version 12.00
# Visual Studio Version 17
VisualStudioVersion = 17.1.32407.343
MinimumVisualStudioVersion = 10.0.40219.1
Project("{FAE04EC0-301F-11D3-BF4B-00C04F79EFBC}") = "SAMSUNG 4 YOU", "SAMSUNG 4 YOU\SAMSUNG 4 YOU.csproj", "{B2EFE40F-A96B-4500-84C2-68F0BC537A31}"
EndProject
Global
	GlobalSection(SolutionConfigurationPlatforms) = preSolution
		Debug|Any CPU = Debug|Any CPU
		Release|Any CPU = Release|Any CPU
	EndGlobalSection
	GlobalSection(ProjectConfigurationPlatforms) = postSolution
		{B2EFE40F-A96B-4500-84C2-68F0BC537A31}.Debug|Any CPU.ActiveCfg = Debug|Any CPU
		{B2EFE40F-A96B-4500-84C2-68F0BC537A31}.Debug|Any CPU.Build.0 = Debug|Any CPU
		{B2EFE40F-A96B-4500-84C2-68F0BC537A31}.Release|Any CPU.ActiveCfg = Release|Any CPU
		{B2EFE40F-A96B-4500-84C2-68F0BC537A31}.Release|Any CPU.Build.0 = Release|Any CPU
	EndGlobalSection
	GlobalSection(SolutionProperties) = preSolution
		HideSolutionNode = FALSE
	EndGlobalSection
	GlobalSection(ExtensibilityGlobals) = postSolution
		SolutionGuid = {48D90300-747C-49B4-96A0-03E190B5AEF2}
	EndGlobalSection
EndGlobal
